// !$*UTF8*$!
{
	archiveVersion = 1;
	classes = {
	};
	objectVersion = 48;
	objects = {

/* Begin PBXBuildFile section */
		3A940E3820247ABC00DF5BBE /* AppDelegate.swift in Sources */ = {isa = PBXBuildFile; fileRef = 3A940E3720247ABC00DF5BBE /* AppDelegate.swift */; };
		3A940E3A20247ABC00DF5BBE /* ViewController.swift in Sources */ = {isa = PBXBuildFile; fileRef = 3A940E3920247ABC00DF5BBE /* ViewController.swift */; };
		3A940E3D20247ABC00DF5BBE /* Main.storyboard in Resources */ = {isa = PBXBuildFile; fileRef = 3A940E3B20247ABC00DF5BBE /* Main.storyboard */; };
		3A940E3F20247ABC00DF5BBE /* Assets.xcassets in Resources */ = {isa = PBXBuildFile; fileRef = 3A940E3E20247ABC00DF5BBE /* Assets.xcassets */; };
		3A940E4220247ABC00DF5BBE /* LaunchScreen.storyboard in Resources */ = {isa = PBXBuildFile; fileRef = 3A940E4020247ABC00DF5BBE /* LaunchScreen.storyboard */; };
		3A940E4D20247ABC00DF5BBE /* NestedDataTests.swift in Sources */ = {isa = PBXBuildFile; fileRef = 3A940E4C20247ABC00DF5BBE /* NestedDataTests.swift */; };
		3A940E5820247ABC00DF5BBE /* NestedDataUITests.swift in Sources */ = {isa = PBXBuildFile; fileRef = 3A940E5720247ABC00DF5BBE /* NestedDataUITests.swift */; };
/* End PBXBuildFile section */

/* Begin PBXContainerItemProxy section */
		3A940E4920247ABC00DF5BBE /* PBXContainerItemProxy */ = {
			isa = PBXContainerItemProxy;
			containerPortal = 3A940E2C20247ABB00DF5BBE /* Project object */;
			proxyType = 1;
			remoteGlobalIDString = 3A940E3320247ABC00DF5BBE;
			remoteInfo = NestedData;
		};
		3A940E5420247ABC00DF5BBE /* PBXContainerItemProxy */ = {
			isa = PBXContainerItemProxy;
			containerPortal = 3A940E2C20247ABB00DF5BBE /* Project object */;
			proxyType = 1;
			remoteGlobalIDString = 3A940E3320247ABC00DF5BBE;
			remoteInfo = NestedData;
		};
/* End PBXContainerItemProxy section */

/* Begin PBXFileReference section */
		3A940E3420247ABC00DF5BBE /* NestedData.app */ = {isa = PBXFileReference; explicitFileType = wrapper.application; includeInIndex = 0; path = NestedData.app; sourceTree = BUILT_PRODUCTS_DIR; };
		3A940E3720247ABC00DF5BBE /* AppDelegate.swift */ = {isa = PBXFileReference; lastKnownFileType = sourcecode.swift; path = AppDelegate.swift; sourceTree = "<group>"; };
		3A940E3920247ABC00DF5BBE /* ViewController.swift */ = {isa = PBXFileReference; lastKnownFileType = sourcecode.swift; path = ViewController.swift; sourceTree = "<group>"; };
		3A940E3C20247ABC00DF5BBE /* Base */ = {isa = PBXFileReference; lastKnownFileType = file.storyboard; name = Base; path = Base.lproj/Main.storyboard; sourceTree = "<group>"; };
		3A940E3E20247ABC00DF5BBE /* Assets.xcassets */ = {isa = PBXFileReference; lastKnownFileType = folder.assetcatalog; path = Assets.xcassets; sourceTree = "<group>"; };
		3A940E4120247ABC00DF5BBE /* Base */ = {isa = PBXFileReference; lastKnownFileType = file.storyboard; name = Base; path = Base.lproj/LaunchScreen.storyboard; sourceTree = "<group>"; };
		3A940E4320247ABC00DF5BBE /* Info.plist */ = {isa = PBXFileReference; lastKnownFileType = text.plist.xml; path = Info.plist; sourceTree = "<group>"; };
		3A940E4820247ABC00DF5BBE /* NestedDataTests.xctest */ = {isa = PBXFileReference; explicitFileType = wrapper.cfbundle; includeInIndex = 0; path = NestedDataTests.xctest; sourceTree = BUILT_PRODUCTS_DIR; };
		3A940E4C20247ABC00DF5BBE /* NestedDataTests.swift */ = {isa = PBXFileReference; lastKnownFileType = sourcecode.swift; path = NestedDataTests.swift; sourceTree = "<group>"; };
		3A940E4E20247ABC00DF5BBE /* Info.plist */ = {isa = PBXFileReference; lastKnownFileType = text.plist.xml; path = Info.plist; sourceTree = "<group>"; };
		3A940E5320247ABC00DF5BBE /* NestedDataUITests.xctest */ = {isa = PBXFileReference; explicitFileType = wrapper.cfbundle; includeInIndex = 0; path = NestedDataUITests.xctest; sourceTree = BUILT_PRODUCTS_DIR; };
		3A940E5720247ABC00DF5BBE /* NestedDataUITests.swift */ = {isa = PBXFileReference; lastKnownFileType = sourcecode.swift; path = NestedDataUITests.swift; sourceTree = "<group>"; };
		3A940E5920247ABC00DF5BBE /* Info.plist */ = {isa = PBXFileReference; lastKnownFileType = text.plist.xml; path = Info.plist; sourceTree = "<group>"; };
/* End PBXFileReference section */

/* Begin PBXFrameworksBuildPhase section */
		3A940E3120247ABC00DF5BBE /* Frameworks */ = {
			isa = PBXFrameworksBuildPhase;
			buildActionMask = 2147483647;
			files = (
			);
			runOnlyForDeploymentPostprocessing = 0;
		};
		3A940E4520247ABC00DF5BBE /* Frameworks */ = {
			isa = PBXFrameworksBuildPhase;
			buildActionMask = 2147483647;
			files = (
			);
			runOnlyForDeploymentPostprocessing = 0;
		};
		3A940E5020247ABC00DF5BBE /* Frameworks */ = {
			isa = PBXFrameworksBuildPhase;
			buildActionMask = 2147483647;
			files = (
			);
			runOnlyForDeploymentPostprocessing = 0;
		};
/* End PBXFrameworksBuildPhase section */

/* Begin PBXGroup section */
		3A940E2B20247ABB00DF5BBE = {
			isa = PBXGroup;
			children = (
				3A940E3620247ABC00DF5BBE /* NestedData */,
				3A940E4B20247ABC00DF5BBE /* NestedDataTests */,
				3A940E5620247ABC00DF5BBE /* NestedDataUITests */,
				3A940E3520247ABC00DF5BBE /* Products */,
			);
			sourceTree = "<group>";
		};
		3A940E3520247ABC00DF5BBE /* Products */ = {
			isa = PBXGroup;
			children = (
				3A940E3420247ABC00DF5BBE /* NestedData.app */,
				3A940E4820247ABC00DF5BBE /* NestedDataTests.xctest */,
				3A940E5320247ABC00DF5BBE /* NestedDataUITests.xctest */,
			);
			name = Products;
			sourceTree = "<group>";
		};
		3A940E3620247ABC00DF5BBE /* NestedData */ = {
			isa = PBXGroup;
			children = (
				3A940E3720247ABC00DF5BBE /* AppDelegate.swift */,
				3A940E3920247ABC00DF5BBE /* ViewController.swift */,
				3A940E3B20247ABC00DF5BBE /* Main.storyboard */,
				3A940E3E20247ABC00DF5BBE /* Assets.xcassets */,
				3A940E4020247ABC00DF5BBE /* LaunchScreen.storyboard */,
				3A940E4320247ABC00DF5BBE /* Info.plist */,
			);
			path = NestedData;
			sourceTree = "<group>";
		};
		3A940E4B20247ABC00DF5BBE /* NestedDataTests */ = {
			isa = PBXGroup;
			children = (
				3A940E4C20247ABC00DF5BBE /* NestedDataTests.swift */,
				3A940E4E20247ABC00DF5BBE /* Info.plist */,
			);
			path = NestedDataTests;
			sourceTree = "<group>";
		};
		3A940E5620247ABC00DF5BBE /* NestedDataUITests */ = {
			isa = PBXGroup;
			children = (
				3A940E5720247ABC00DF5BBE /* NestedDataUITests.swift */,
				3A940E5920247ABC00DF5BBE /* Info.plist */,
			);
			path = NestedDataUITests;
			sourceTree = "<group>";
		};
/* End PBXGroup section */

/* Begin PBXNativeTarget section */
		3A940E3320247ABC00DF5BBE /* NestedData */ = {
			isa = PBXNativeTarget;
			buildConfigurationList = 3A940E5C20247ABC00DF5BBE /* Build configuration list for PBXNativeTarget "NestedData" */;
			buildPhases = (
				3A940E3020247ABC00DF5BBE /* Sources */,
				3A940E3120247ABC00DF5BBE /* Frameworks */,
				3A940E3220247ABC00DF5BBE /* Resources */,
			);
			buildRules = (
			);
			dependencies = (
			);
			name = NestedData;
			productName = NestedData;
			productReference = 3A940E3420247ABC00DF5BBE /* NestedData.app */;
			productType = "com.apple.product-type.application";
		};
		3A940E4720247ABC00DF5BBE /* NestedDataTests */ = {
			isa = PBXNativeTarget;
			buildConfigurationList = 3A940E5F20247ABC00DF5BBE /* Build configuration list for PBXNativeTarget "NestedDataTests" */;
			buildPhases = (
				3A940E4420247ABC00DF5BBE /* Sources */,
				3A940E4520247ABC00DF5BBE /* Frameworks */,
				3A940E4620247ABC00DF5BBE /* Resources */,
			);
			buildRules = (
			);
			dependencies = (
				3A940E4A20247ABC00DF5BBE /* PBXTargetDependency */,
			);
			name = NestedDataTests;
			productName = NestedDataTests;
			productReference = 3A940E4820247ABC00DF5BBE /* NestedDataTests.xctest */;
			productType = "com.apple.product-type.bundle.unit-test";
		};
		3A940E5220247ABC00DF5BBE /* NestedDataUITests */ = {
			isa = PBXNativeTarget;
			buildConfigurationList = 3A940E6220247ABC00DF5BBE /* Build configuration list for PBXNativeTarget "NestedDataUITests" */;
			buildPhases = (
				3A940E4F20247ABC00DF5BBE /* Sources */,
				3A940E5020247ABC00DF5BBE /* Frameworks */,
				3A940E5120247ABC00DF5BBE /* Resources */,
			);
			buildRules = (
			);
			dependencies = (
				3A940E5520247ABC00DF5BBE /* PBXTargetDependency */,
			);
			name = NestedDataUITests;
			productName = NestedDataUITests;
			productReference = 3A940E5320247ABC00DF5BBE /* NestedDataUITests.xctest */;
			productType = "com.apple.product-type.bundle.ui-testing";
		};
/* End PBXNativeTarget section */

/* Begin PBXProject section */
		3A940E2C20247ABB00DF5BBE /* Project object */ = {
			isa = PBXProject;
			attributes = {
				LastSwiftUpdateCheck = 0900;
				LastUpgradeCheck = 0900;
				ORGANIZATIONNAME = Bhawna;
				TargetAttributes = {
					3A940E3320247ABC00DF5BBE = {
						CreatedOnToolsVersion = 9.0;
						ProvisioningStyle = Automatic;
					};
					3A940E4720247ABC00DF5BBE = {
						CreatedOnToolsVersion = 9.0;
						ProvisioningStyle = Automatic;
						TestTargetID = 3A940E3320247ABC00DF5BBE;
					};
					3A940E5220247ABC00DF5BBE = {
						CreatedOnToolsVersion = 9.0;
						ProvisioningStyle = Automatic;
						TestTargetID = 3A940E3320247ABC00DF5BBE;
					};
				};
			};
			buildConfigurationList = 3A940E2F20247ABB00DF5BBE /* Build configuration list for PBXProject "NestedData" */;
			compatibilityVersion = "Xcode 8.0";
			developmentRegion = en;
			hasScannedForEncodings = 0;
			knownRegions = (
				en,
				Base,
			);
			mainGroup = 3A940E2B20247ABB00DF5BBE;
			productRefGroup = 3A940E3520247ABC00DF5BBE /* Products */;
			projectDirPath = "";
			projectRoot = "";
			targets = (
				3A940E3320247ABC00DF5BBE /* NestedData */,
				3A940E4720247ABC00DF5BBE /* NestedDataTests */,
				3A940E5220247ABC00DF5BBE /* NestedDataUITests */,
			);
		};
/* End PBXProject section */

/* Begin PBXResourcesBuildPhase section */
		3A940E3220247ABC00DF5BBE /* Resources */ = {
			isa = PBXResourcesBuildPhase;
			buildActionMask = 2147483647;
			files = (
				3A940E4220247ABC00DF5BBE /* LaunchScreen.storyboard in Resources */,
				3A940E3F20247ABC00DF5BBE /* Assets.xcassets in Resources */,
				3A940E3D20247ABC00DF5BBE /* Main.storyboard in Resources */,
			);
			runOnlyForDeploymentPostprocessing = 0;
		};
		3A940E4620247ABC00DF5BBE /* Resources */ = {
			isa = PBXResourcesBuildPhase;
			buildActionMask = 2147483647;
			files = (
			);
			runOnlyForDeploymentPostprocessing = 0;
		};
		3A940E5120247ABC00DF5BBE /* Resources */ = {
			isa = PBXResourcesBuildPhase;
			buildActionMask = 2147483647;
			files = (
			);
			runOnlyForDeploymentPostprocessing = 0;
		};
/* End PBXResourcesBuildPhase section */

/* Begin PBXSourcesBuildPhase section */
		3A940E3020247ABC00DF5BBE /* Sources */ = {
			isa = PBXSourcesBuildPhase;
			buildActionMask = 2147483647;
			files = (
				3A940E3A20247ABC00DF5BBE /* ViewController.swift in Sources */,
				3A940E3820247ABC00DF5BBE /* AppDelegate.swift in Sources */,
			);
			runOnlyForDeploymentPostprocessing = 0;
		};
		3A940E4420247ABC00DF5BBE /* Sources */ = {
			isa = PBXSourcesBuildPhase;
			buildActionMask = 2147483647;
			files = (
				3A940E4D20247ABC00DF5BBE /* NestedDataTests.swift in Sources */,
			);
			runOnlyForDeploymentPostprocessing = 0;
		};
		3A940E4F20247ABC00DF5BBE /* Sources */ = {
			isa = PBXSourcesBuildPhase;
			buildActionMask = 2147483647;
			files = (
				3A940E5820247ABC00DF5BBE /* NestedDataUITests.swift in Sources */,
			);
			runOnlyForDeploymentPostprocessing = 0;
		};
/* End PBXSourcesBuildPhase section */

/* Begin PBXTargetDependency section */
		3A940E4A20247ABC00DF5BBE /* PBXTargetDependency */ = {
			isa = PBXTargetDependency;
			target = 3A940E3320247ABC00DF5BBE /* NestedData */;
			targetProxy = 3A940E4920247ABC00DF5BBE /* PBXContainerItemProxy */;
		};
		3A940E5520247ABC00DF5BBE /* PBXTargetDependency */ = {
			isa = PBXTargetDependency;
			target = 3A940E3320247ABC00DF5BBE /* NestedData */;
			targetProxy = 3A940E5420247ABC00DF5BBE /* PBXContainerItemProxy */;
		};
/* End PBXTargetDependency section */

/* Begin PBXVariantGroup section */
		3A940E3B20247ABC00DF5BBE /* Main.storyboard */ = {
			isa = PBXVariantGroup;
			children = (
				3A940E3C20247ABC00DF5BBE /* Base */,
			);
			name = Main.storyboard;
			sourceTree = "<group>";
		};
		3A940E4020247ABC00DF5BBE /* LaunchScreen.storyboard */ = {
			isa = PBXVariantGroup;
			children = (
				3A940E4120247ABC00DF5BBE /* Base */,
			);
			name = LaunchScreen.storyboard;
			sourceTree = "<group>";
		};
/* End PBXVariantGroup section */

/* Begin XCBuildConfiguration section */
		3A940E5A20247ABC00DF5BBE /* Debug */ = {
			isa = XCBuildConfiguration;
			buildSettings = {
				ALWAYS_SEARCH_USER_PATHS = NO;
				CLANG_ANALYZER_NONNULL = YES;
				CLANG_ANALYZER_NUMBER_OBJECT_CONVERSION = YES_AGGRESSIVE;
				CLANG_CXX_LANGUAGE_STANDARD = "gnu++14";
				CLANG_CXX_LIBRARY = "libc++";
				CLANG_ENABLE_MODULES = YES;
				CLANG_ENABLE_OBJC_ARC = YES;
				CLANG_WARN_BLOCK_CAPTURE_AUTORELEASING = YES;
				CLANG_WARN_BOOL_CONVERSION = YES;
				CLANG_WARN_COMMA = YES;
				CLANG_WARN_CONSTANT_CONVERSION = YES;
				CLANG_WARN_DIRECT_OBJC_ISA_USAGE = YES_ERROR;
				CLANG_WARN_DOCUMENTATION_COMMENTS = YES;
				CLANG_WARN_EMPTY_BODY = YES;
				CLANG_WARN_ENUM_CONVERSION = YES;
				CLANG_WARN_INFINITE_RECURSION = YES;
				CLANG_WARN_INT_CONVERSION = YES;
				CLANG_WARN_NON_LITERAL_NULL_CONVERSION = YES;
				CLANG_WARN_OBJC_LITERAL_CONVERSION = YES;
				CLANG_WARN_OBJC_ROOT_CLASS = YES_ERROR;
				CLANG_WARN_RANGE_LOOP_ANALYSIS = YES;
				CLANG_WARN_STRICT_PROTOTYPES = YES;
				CLANG_WARN_SUSPICIOUS_MOVE = YES;
				CLANG_WARN_UNGUARDED_AVAILABILITY = YES_AGGRESSIVE;
				CLANG_WARN_UNREACHABLE_CODE = YES;
				CLANG_WARN__DUPLICATE_METHOD_MATCH = YES;
				CODE_SIGN_IDENTITY = "iPhone Developer";
				COPY_PHASE_STRIP = NO;
				DEBUG_INFORMATION_FORMAT = dwarf;
				ENABLE_STRICT_OBJC_MSGSEND = YES;
				ENABLE_TESTABILITY = YES;
				GCC_C_LANGUAGE_STANDARD = gnu11;
				GCC_DYNAMIC_NO_PIC = NO;
				GCC_NO_COMMON_BLOCKS = YES;
				GCC_OPTIMIZATION_LEVEL = 0;
				GCC_PREPROCESSOR_DEFINITIONS = (
					"DEBUG=1",
					"$(inherited)",
				);
				GCC_WARN_64_TO_32_BIT_CONVERSION = YES;
				GCC_WARN_ABOUT_RETURN_TYPE = YES_ERROR;
				GCC_WARN_UNDECLARED_SELECTOR = YES;
				GCC_WARN_UNINITIALIZED_AUTOS = YES_AGGRESSIVE;
				GCC_WARN_UNUSED_FUNCTION = YES;
				GCC_WARN_UNUSED_VARIABLE = YES;
				IPHONEOS_DEPLOYMENT_TARGET = 11.0;
				MTL_ENABLE_DEBUG_INFO = YES;
				ONLY_ACTIVE_ARCH = YES;
				SDKROOT = iphoneos;
				SWIFT_ACTIVE_COMPILATION_CONDITIONS = DEBUG;
				SWIFT_OPTIMIZATION_LEVEL = "-Onone";
			};
			name = Debug;
		};
		3A940E5B20247ABC00DF5BBE /* Release */ = {
			isa = XCBuildConfiguration;
			buildSettings = {
				ALWAYS_SEARCH_USER_PATHS = NO;
				CLANG_ANALYZER_NONNULL = YES;
				CLANG_ANALYZER_NUMBER_OBJECT_CONVERSION = YES_AGGRESSIVE;
				CLANG_CXX_LANGUAGE_STANDARD = "gnu++14";
				CLANG_CXX_LIBRARY = "libc++";
				CLANG_ENABLE_MODULES = YES;
				CLANG_ENABLE_OBJC_ARC = YES;
				CLANG_WARN_BLOCK_CAPTURE_AUTORELEASING = YES;
				CLANG_WARN_BOOL_CONVERSION = YES;
				CLANG_WARN_COMMA = YES;
				CLANG_WARN_CONSTANT_CONVERSION = YES;
				CLANG_WARN_DIRECT_OBJC_ISA_USAGE = YES_ERROR;
				CLANG_WARN_DOCUMENTATION_COMMENTS = YES;
				CLANG_WARN_EMPTY_BODY = YES;
				CLANG_WARN_ENUM_CONVERSION = YES;
				CLANG_WARN_INFINITE_RECURSION = YES;
				CLANG_WARN_INT_CONVERSION = YES;
				CLANG_WARN_NON_LITERAL_NULL_CONVERSION = YES;
				CLANG_WARN_OBJC_LITERAL_CONVERSION = YES;
				CLANG_WARN_OBJC_ROOT_CLASS = YES_ERROR;
				CLANG_WARN_RANGE_LOOP_ANALYSIS = YES;
				CLANG_WARN_STRICT_PROTOTYPES = YES;
				CLANG_WARN_SUSPICIOUS_MOVE = YES;
				CLANG_WARN_UNGUARDED_AVAILABILITY = YES_AGGRESSIVE;
				CLANG_WARN_UNREACHABLE_CODE = YES;
				CLANG_WARN__DUPLICATE_METHOD_MATCH = YES;
				CODE_SIGN_IDENTITY = "iPhone Developer";
				COPY_PHASE_STRIP = NO;
				DEBUG_INFORMATION_FORMAT = "dwarf-with-dsym";
				ENABLE_NS_ASSERTIONS = NO;
				ENABLE_STRICT_OBJC_MSGSEND = YES;
				GCC_C_LANGUAGE_STANDARD = gnu11;
				GCC_NO_COMMON_BLOCKS = YES;
				GCC_WARN_64_TO_32_BIT_CONVERSION = YES;
				GCC_WARN_ABOUT_RETURN_TYPE = YES_ERROR;
				GCC_WARN_UNDECLARED_SELECTOR = YES;
				GCC_WARN_UNINITIALIZED_AUTOS = YES_AGGRESSIVE;
				GCC_WARN_UNUSED_FUNCTION = YES;
				GCC_WARN_UNUSED_VARIABLE = YES;
				IPHONEOS_DEPLOYMENT_TARGET = 11.0;
				MTL_ENABLE_DEBUG_INFO = NO;
				SDKROOT = iphoneos;
				SWIFT_OPTIMIZATION_LEVEL = "-Owholemodule";
				VALIDATE_PRODUCT = YES;
			};
			name = Release;
		};
		3A940E5D20247ABC00DF5BBE /* Debug */ = {
			isa = XCBuildConfiguration;
			buildSettings = {
				ASSETCATALOG_COMPILER_APPICON_NAME = AppIcon;
				CODE_SIGN_STYLE = Automatic;
				INFOPLIST_FILE = NestedData/Info.plist;
				LD_RUNPATH_SEARCH_PATHS = "$(inherited) @executable_path/Frameworks";
				PRODUCT_BUNDLE_IDENTIFIER = com.Wildnettechnologies.NestedData;
				PRODUCT_NAME = "$(TARGET_NAME)";
				SWIFT_VERSION = 4.0;
				TARGETED_DEVICE_FAMILY = "1,2";
			};
			name = Debug;
		};
		3A940E5E20247ABC00DF5BBE /* Release */ = {
			isa = XCBuildConfiguration;
			buildSettings = {
				ASSETCATALOG_COMPILER_APPICON_NAME = AppIcon;
				CODE_SIGN_STYLE = Automatic;
				INFOPLIST_FILE = NestedData/Info.plist;
				LD_RUNPATH_SEARCH_PATHS = "$(inherited) @executable_path/Frameworks";
				PRODUCT_BUNDLE_IDENTIFIER = com.Wildnettechnologies.NestedData;
				PRODUCT_NAME = "$(TARGET_NAME)";
				SWIFT_VERSION = 4.0;
				TARGETED_DEVICE_FAMILY = "1,2";
			};
			name = Release;
		};
		3A940E6020247ABC00DF5BBE /* Debug */ = {
			isa = XCBuildConfiguration;
			buildSettings = {
				ALWAYS_EMBED_SWIFT_STANDARD_LIBRARIES = YES;
				BUNDLE_LOADER = "$(TEST_HOST)";
				CODE_SIGN_STYLE = Automatic;
				INFOPLIST_FILE = NestedDataTests/Info.plist;
				LD_RUNPATH_SEARCH_PATHS = "$(inherited) @executable_path/Frameworks @loader_path/Frameworks";
				PRODUCT_BUNDLE_IDENTIFIER = com.Wildnettechnologies.NestedDataTests;
				PRODUCT_NAME = "$(TARGET_NAME)";
				SWIFT_VERSION = 4.0;
				TARGETED_DEVICE_FAMILY = "1,2";
				TEST_HOST = "$(BUILT_PRODUCTS_DIR)/NestedData.app/NestedData";
			};
			name = Debug;
		};
		3A940E6120247ABC00DF5BBE /* Release */ = {
			isa = XCBuildConfiguration;
			buildSettings = {
				ALWAYS_EMBED_SWIFT_STANDARD_LIBRARIES = YES;
				BUNDLE_LOADER = "$(TEST_HOST)";
				CODE_SIGN_STYLE = Automatic;
				INFOPLIST_FILE = NestedDataTests/Info.plist;
				LD_RUNPATH_SEARCH_PATHS = "$(inherited) @executable_path/Frameworks @loader_path/Frameworks";
				PRODUCT_BUNDLE_IDENTIFIER = com.Wildnettechnologies.NestedDataTests;
				PRODUCT_NAME = "$(TARGET_NAME)";
				SWIFT_VERSION = 4.0;
				TARGETED_DEVICE_FAMILY = "1,2";
				TEST_HOST = "$(BUILT_PRODUCTS_DIR)/NestedData.app/NestedData";
			};
			name = Release;
		};
		3A940E6320247ABC00DF5BBE /* Debug */ = {
			isa = XCBuildConfiguration;
			buildSettings = {
				ALWAYS_EMBED_SWIFT_STANDARD_LIBRARIES = YES;
				CODE_SIGN_STYLE = Automatic;
				INFOPLIST_FILE = NestedDataUITests/Info.plist;
				LD_RUNPATH_SEARCH_PATHS = "$(inherited) @executable_path/Frameworks @loader_path/Frameworks";
				PRODUCT_BUNDLE_IDENTIFIER = com.Wildnettechnologies.NestedDataUITests;
				PRODUCT_NAME = "$(TARGET_NAME)";
				SWIFT_VERSION = 4.0;
				TARGETED_DEVICE_FAMILY = "1,2";
				TEST_TARGET_NAME = NestedData;
			};
			name = Debug;
		};
		3A940E6420247ABC00DF5BBE /* Release */ = {
			isa = XCBuildConfiguration;
			buildSettings = {
				ALWAYS_EMBED_SWIFT_STANDARD_LIBRARIES = YES;
				CODE_SIGN_STYLE = Automatic;
				INFOPLIST_FILE = NestedDataUITests/Info.plist;
				LD_RUNPATH_SEARCH_PATHS = "$(inherited) @executable_path/Frameworks @loader_path/Frameworks";
				PRODUCT_BUNDLE_IDENTIFIER = com.Wildnettechnologies.NestedDataUITests;
				PRODUCT_NAME = "$(TARGET_NAME)";
				SWIFT_VERSION = 4.0;
				TARGETED_DEVICE_FAMILY = "1,2";
				TEST_TARGET_NAME = NestedData;
			};
			name = Release;
		};
/* End XCBuildConfiguration section */

/* Begin XCConfigurationList section */
		3A940E2F20247ABB00DF5BBE /* Build configuration list for PBXProject "NestedData" */ = {
			isa = XCConfigurationList;
			buildConfigurations = (
				3A940E5A20247ABC00DF5BBE /* Debug */,
				3A940E5B20247ABC00DF5BBE /* Release */,
			);
			defaultConfigurationIsVisible = 0;
			defaultConfigurationName = Release;
		};
		3A940E5C20247ABC00DF5BBE /* Build configuration list for PBXNativeTarget "NestedData" */ = {
			isa = XCConfigurationList;
			buildConfigurations = (
				3A940E5D20247ABC00DF5BBE /* Debug */,
				3A940E5E20247ABC00DF5BBE /* Release */,
			);
			defaultConfigurationIsVisible = 0;
			defaultConfigurationName = Release;
		};
		3A940E5F20247ABC00DF5BBE /* Build configuration list for PBXNativeTarget "NestedDataTests" */ = {
			isa = XCConfigurationList;
			buildConfigurations = (
				3A940E6020247ABC00DF5BBE /* Debug */,
				3A940E6120247ABC00DF5BBE /* Release */,
			);
			defaultConfigurationIsVisible = 0;
			defaultConfigurationName = Release;
		};
		3A940E6220247ABC00DF5BBE /* Build configuration list for PBXNativeTarget "NestedDataUITests" */ = {
			isa = XCConfigurationList;
			buildConfigurations = (
				3A940E6320247ABC00DF5BBE /* Debug */,
				3A940E6420247ABC00DF5BBE /* Release */,
			);
			defaultConfigurationIsVisible = 0;
			defaultConfigurationName = Release;
		};
/* End XCConfigurationList section */
	};
	rootObject = 3A940E2C20247ABB00DF5BBE /* Project object */;
}
